# This file is automatically @generated by Cargo.
# It is not intended for manual editing.
version = 4

[[package]]
name = "allocation-counter"
version = "0.8.1"
source = "registry+https://github.com/rust-lang/crates.io-index"
checksum = "beb9e990c0a33699f1984d85a6abead615ccc72dd8130bf3e15dcabe2ca149c9"

[[package]]
name = "fastxslt"
version = "0.1.0"
dependencies = [
 "allocation-counter",
 "quick-xml",
]

[[package]]
name = "fastxslt-dotnet-workbench"
version = "0.1.0"
dependencies = [
 "fastxslt",
]

[[package]]
name = "fastxslt-worker"
version = "0.1.0"
dependencies = [
 "fastxslt",
]

[[package]]
name = "memchr"
version = "2.8.3"
source = "registry+https://github.com/rust-lang/crates.io-index"
checksum = "cf8baf1c55e62ffcace7a9f06f4bd9cd3f0c4beb022d3b367256b91b87513d98"

[[package]]
name = "quick-xml"
version = "0.40.1"
source = "registry+https://github.com/rust-lang/crates.io-index"
checksum = "2474bd2e5029e7ccb6abb2ba48cf2383a333851dedf495901544281590c7da7f"
dependencies = [
 "memchr",
]
